
Microsoft Visual Studio Solution File, Format Version 12.00
# Visual Studio Version 17
VisualStudioVersion = 17.4.33205.214
MinimumVisualStudioVersion = 10.0.40219.1
Project("{9A19103F-16F7-4668-BE54-9A1E7A4F7556}") = "ShoppingCart.WebApi", "ShoppingCart.WebApi\ShoppingCart.WebApi.csproj", "{AB51009F-7CA0-4035-ADF5-84BD4129DA17}"
EndProject
Project("{9A19103F-16F7-4668-BE54-9A1E7A4F7556}") = "ShoppingCart.Service", "ShoppingCart.Service\ShoppingCart.Service.csproj", "{4AB9DA80-B695-4908-94D3-C197B1B6D150}"
EndProject
Project("{9A19103F-16F7-4668-BE54-9A1E7A4F7556}") = "ShoppingCart.Store", "ShoppingCart.Store\ShoppingCart.Store.csproj", "{32175FED-85F1-415B-A1B8-99CF9400AD70}"
EndProject
Project("{00D1A9C2-B5F0-4AF3-8072-F6C62B433612}") = "ShoppingCart.Sql", "ShoppingCart.Sql\ShoppingCart.Sql.sqlproj", "{BA0A0821-0E05-4B78-B96E-49307C2A4B6B}"
EndProject
Global
	GlobalSection(SolutionConfigurationPlatforms) = preSolution
		Debug|Any CPU = Debug|Any CPU
		Release|Any CPU = Release|Any CPU
	EndGlobalSection
	GlobalSection(ProjectConfigurationPlatforms) = postSolution
		{AB51009F-7CA0-4035-ADF5-84BD4129DA17}.Debug|Any CPU.ActiveCfg = Debug|Any CPU
		{AB51009F-7CA0-4035-ADF5-84BD4129DA17}.Debug|Any CPU.Build.0 = Debug|Any CPU
		{AB51009F-7CA0-4035-ADF5-84BD4129DA17}.Release|Any CPU.ActiveCfg = Release|Any CPU
		{AB51009F-7CA0-4035-ADF5-84BD4129DA17}.Release|Any CPU.Build.0 = Release|Any CPU
		{4AB9DA80-B695-4908-94D3-C197B1B6D150}.Debug|Any CPU.ActiveCfg = Debug|Any CPU
		{4AB9DA80-B695-4908-94D3-C197B1B6D150}.Debug|Any CPU.Build.0 = Debug|Any CPU
		{4AB9DA80-B695-4908-94D3-C197B1B6D150}.Release|Any CPU.ActiveCfg = Release|Any CPU
		{4AB9DA80-B695-4908-94D3-C197B1B6D150}.Release|Any CPU.Build.0 = Release|Any CPU
		{32175FED-85F1-415B-A1B8-99CF9400AD70}.Debug|Any CPU.ActiveCfg = Debug|Any CPU
		{32175FED-85F1-415B-A1B8-99CF9400AD70}.Debug|Any CPU.Build.0 = Debug|Any CPU
		{32175FED-85F1-415B-A1B8-99CF9400AD70}.Release|Any CPU.ActiveCfg = Release|Any CPU
		{32175FED-85F1-415B-A1B8-99CF9400AD70}.Release|Any CPU.Build.0 = Release|Any CPU
		{BA0A0821-0E05-4B78-B96E-49307C2A4B6B}.Debug|Any CPU.ActiveCfg = Debug|Any CPU
		{BA0A0821-0E05-4B78-B96E-49307C2A4B6B}.Debug|Any CPU.Build.0 = Debug|Any CPU
		{BA0A0821-0E05-4B78-B96E-49307C2A4B6B}.Debug|Any CPU.Deploy.0 = Debug|Any CPU
		{BA0A0821-0E05-4B78-B96E-49307C2A4B6B}.Release|Any CPU.ActiveCfg = Release|Any CPU
		{BA0A0821-0E05-4B78-B96E-49307C2A4B6B}.Release|Any CPU.Build.0 = Release|Any CPU
		{BA0A0821-0E05-4B78-B96E-49307C2A4B6B}.Release|Any CPU.Deploy.0 = Release|Any CPU
	EndGlobalSection
	GlobalSection(SolutionProperties) = preSolution
		HideSolutionNode = FALSE
	EndGlobalSection
	GlobalSection(ExtensibilityGlobals) = postSolution
		SolutionGuid = {F92C6EAC-3E3E-4DA2-B90B-1307A6B4D65A}
	EndGlobalSection
EndGlobal
